# This file is automatically @generated by Poetry and should not be changed by hand.

[[package]]
name = "pyxel"
version = "1.9.11"
description = "A retro game engine for Python"
category = "main"
optional = false
python-versions = ">=3.7"
files = [
    {file = "pyxel-1.9.11-cp37-abi3-macosx_10_7_x86_64.whl", hash = "sha256:2fc1af5d6952765414cb0534d1b9f979ffe2d59f7e7795d82ccb853650400621"},
    {file = "pyxel-1.9.11-cp37-abi3-macosx_11_0_arm64.whl", hash = "sha256:434fc472476b26dbf6ad48eb43d845197e195a5ade2b504af82d029e0a0fc704"},
    {file = "pyxel-1.9.11-cp37-abi3-manylinux_2_17_aarch64.manylinux2014_aarch64.whl", hash = "sha256:b5c3567a249b6bc969b669002b3615dd8c262caf9eec23ad5950fe3f3f2b20b7"},
    {file = "pyxel-1.9.11-cp37-abi3-manylinux_2_17_i686.manylinux2014_i686.whl", hash = "sha256:2cb1f30f3d4e466ffb0809bc4f1f08c722fb16cdcadc00cbf41239430cecef2e"},
    {file = "pyxel-1.9.11-cp37-abi3-manylinux_2_17_x86_64.manylinux2014_x86_64.whl", hash = "sha256:8808007c7fb3c6a855de47ec44416a7188f8ff799177b97d98a64fbb9fdee040"},
    {file = "pyxel-1.9.11-cp37-abi3-win32.whl", hash = "sha256:bad033ff258545fd4a478f55b34b098b5cb7a8b265b0107fd3c2dd1b042e191e"},
    {file = "pyxel-1.9.11-cp37-abi3-win_amd64.whl", hash = "sha256:23aadf750734fb1bff808b2173183b555588dc1a1eccfc9e0afc8a479b4a1a5e"},
]

[metadata]
lock-version = "2.0"
python-versions = "^3.11"
content-hash = "f0be6a317be032c39c1b7d07a4792cb9005bbe4ef2ad47ef3a06302d61cc264b"
